# THIS IS AN AUTOGENERATED FILE. DO NOT EDIT THIS FILE DIRECTLY.
# yarn lockfile v1


"@oddcamp/cocoon-vanilla-js@^1.1.2":
  version "1.1.2"
  resolved "https://registry.yarnpkg.com/@oddcamp/cocoon-vanilla-js/-/cocoon-vanilla-js-1.1.2.tgz#2b05b584802b36b95722eaf346a54ed43d822a1a"
  integrity sha512-X0gW+cSAMH8j/BCWT9JS6gH4qbfvWmuLGIT0DWyo/Sop7GKwG+qzwURZVVdUVkYjg0+duxUg3n9P6W7FHNcpgQ==
